
Microsoft Visual Studio Solution File, Format Version 12.00
# Visual Studio 15
VisualStudioVersion = 15.0.27004.2008
MinimumVisualStudioVersion = 10.0.40219.1
Project("{FAE04EC0-301F-11D3-BF4B-00C04F79EFBC}") = "kursach", "kursach\kursach.csproj", "{1AEE3947-AEB8-41D3-BE5B-9EA64BF587FF}"
EndProject
Global
	GlobalSection(SolutionConfigurationPlatforms) = preSolution
		Debug|Any CPU = Debug|Any CPU
		Release|Any CPU = Release|Any CPU
	EndGlobalSection
	GlobalSection(ProjectConfigurationPlatforms) = postSolution
		{1AEE3947-AEB8-41D3-BE5B-9EA64BF587FF}.Debug|Any CPU.ActiveCfg = Debug|Any CPU
		{1AEE3947-AEB8-41D3-BE5B-9EA64BF587FF}.Debug|Any CPU.Build.0 = Debug|Any CPU
		{1AEE3947-AEB8-41D3-BE5B-9EA64BF587FF}.Release|Any CPU.ActiveCfg = Release|Any CPU
		{1AEE3947-AEB8-41D3-BE5B-9EA64BF587FF}.Release|Any CPU.Build.0 = Release|Any CPU
	EndGlobalSection
	GlobalSection(SolutionProperties) = preSolution
		HideSolutionNode = FALSE
	EndGlobalSection
	GlobalSection(ExtensibilityGlobals) = postSolution
		SolutionGuid = {45CDF6CB-74D2-4D32-A25C-1874FE1CFE9F}
	EndGlobalSection
EndGlobal
